// !$*UTF8*$!
{
	archiveVersion = 1;
	classes = {
	};
	objectVersion = 46;
	objects = {

/* Begin PBXBuildFile section */
		644F169A1CA3C4D9002BB667 /* AppDelegate.swift in Sources */ = {isa = PBXBuildFile; fileRef = 644F16991CA3C4D9002BB667 /* AppDelegate.swift */; };
		644F169C1CA3C4D9002BB667 /* CurrentLocationViewController.swift in Sources */ = {isa = PBXBuildFile; fileRef = 644F169B1CA3C4D9002BB667 /* CurrentLocationViewController.swift */; };
		644F169F1CA3C4D9002BB667 /* Main.storyboard in Resources */ = {isa = PBXBuildFile; fileRef = 644F169D1CA3C4D9002BB667 /* Main.storyboard */; };
		644F16A11CA3C4D9002BB667 /* Assets.xcassets in Resources */ = {isa = PBXBuildFile; fileRef = 644F16A01CA3C4D9002BB667 /* Assets.xcassets */; };
		644F16A41CA3C4D9002BB667 /* LaunchScreen.storyboard in Resources */ = {isa = PBXBuildFile; fileRef = 644F16A21CA3C4D9002BB667 /* LaunchScreen.storyboard */; };
		64E227B51CAA94240090E572 /* Functions.swift in Sources */ = {isa = PBXBuildFile; fileRef = 64E227B41CAA94240090E572 /* Functions.swift */; };
		64FEEB721CA91C5E007EBE4C /* LocationDetailsViewController.swift in Sources */ = {isa = PBXBuildFile; fileRef = 64FEEB711CA91C5E007EBE4C /* LocationDetailsViewController.swift */; };
		64FEEB741CA95D97007EBE4C /* CategoryPickerViewController.swift in Sources */ = {isa = PBXBuildFile; fileRef = 64FEEB731CA95D97007EBE4C /* CategoryPickerViewController.swift */; };
		64FEEB761CA98C1F007EBE4C /* HudView.swift in Sources */ = {isa = PBXBuildFile; fileRef = 64FEEB751CA98C1F007EBE4C /* HudView.swift */; };
/* End PBXBuildFile section */

/* Begin PBXFileReference section */
		644F16961CA3C4D9002BB667 /* MyLocations.app */ = {isa = PBXFileReference; explicitFileType = wrapper.application; includeInIndex = 0; path = MyLocations.app; sourceTree = BUILT_PRODUCTS_DIR; };
		644F16991CA3C4D9002BB667 /* AppDelegate.swift */ = {isa = PBXFileReference; lastKnownFileType = sourcecode.swift; path = AppDelegate.swift; sourceTree = "<group>"; };
		644F169B1CA3C4D9002BB667 /* CurrentLocationViewController.swift */ = {isa = PBXFileReference; lastKnownFileType = sourcecode.swift; path = CurrentLocationViewController.swift; sourceTree = "<group>"; };
		644F169E1CA3C4D9002BB667 /* Base */ = {isa = PBXFileReference; lastKnownFileType = file.storyboard; name = Base; path = Base.lproj/Main.storyboard; sourceTree = "<group>"; };
		644F16A01CA3C4D9002BB667 /* Assets.xcassets */ = {isa = PBXFileReference; lastKnownFileType = folder.assetcatalog; path = Assets.xcassets; sourceTree = "<group>"; };
		644F16A31CA3C4D9002BB667 /* Base */ = {isa = PBXFileReference; lastKnownFileType = file.storyboard; name = Base; path = Base.lproj/LaunchScreen.storyboard; sourceTree = "<group>"; };
		644F16A51CA3C4D9002BB667 /* Info.plist */ = {isa = PBXFileReference; lastKnownFileType = text.plist.xml; path = Info.plist; sourceTree = "<group>"; };
		64E227B41CAA94240090E572 /* Functions.swift */ = {isa = PBXFileReference; fileEncoding = 4; lastKnownFileType = sourcecode.swift; path = Functions.swift; sourceTree = "<group>"; };
		64FEEB711CA91C5E007EBE4C /* LocationDetailsViewController.swift */ = {isa = PBXFileReference; fileEncoding = 4; lastKnownFileType = sourcecode.swift; path = LocationDetailsViewController.swift; sourceTree = "<group>"; };
		64FEEB731CA95D97007EBE4C /* CategoryPickerViewController.swift */ = {isa = PBXFileReference; fileEncoding = 4; lastKnownFileType = sourcecode.swift; path = CategoryPickerViewController.swift; sourceTree = "<group>"; };
		64FEEB751CA98C1F007EBE4C /* HudView.swift */ = {isa = PBXFileReference; fileEncoding = 4; lastKnownFileType = sourcecode.swift; path = HudView.swift; sourceTree = "<group>"; };
/* End PBXFileReference section */

/* Begin PBXFrameworksBuildPhase section */
		644F16931CA3C4D9002BB667 /* Frameworks */ = {
			isa = PBXFrameworksBuildPhase;
			buildActionMask = 2147483647;
			files = (
			);
			runOnlyForDeploymentPostprocessing = 0;
		};
/* End PBXFrameworksBuildPhase section */

/* Begin PBXGroup section */
		644F168D1CA3C4D9002BB667 = {
			isa = PBXGroup;
			children = (
				644F16981CA3C4D9002BB667 /* MyLocations */,
				644F16971CA3C4D9002BB667 /* Products */,
			);
			sourceTree = "<group>";
		};
		644F16971CA3C4D9002BB667 /* Products */ = {
			isa = PBXGroup;
			children = (
				644F16961CA3C4D9002BB667 /* MyLocations.app */,
			);
			name = Products;
			sourceTree = "<group>";
		};
		644F16981CA3C4D9002BB667 /* MyLocations */ = {
			isa = PBXGroup;
			children = (
				644F16991CA3C4D9002BB667 /* AppDelegate.swift */,
				644F169B1CA3C4D9002BB667 /* CurrentLocationViewController.swift */,
				64FEEB711CA91C5E007EBE4C /* LocationDetailsViewController.swift */,
				64E227B41CAA94240090E572 /* Functions.swift */,
				64FEEB731CA95D97007EBE4C /* CategoryPickerViewController.swift */,
				644F169D1CA3C4D9002BB667 /* Main.storyboard */,
				64FEEB751CA98C1F007EBE4C /* HudView.swift */,
				644F16A01CA3C4D9002BB667 /* Assets.xcassets */,
				644F16A21CA3C4D9002BB667 /* LaunchScreen.storyboard */,
				644F16A51CA3C4D9002BB667 /* Info.plist */,
			);
			path = MyLocations;
			sourceTree = "<group>";
		};
/* End PBXGroup section */

/* Begin PBXNativeTarget section */
		644F16951CA3C4D9002BB667 /* MyLocations */ = {
			isa = PBXNativeTarget;
			buildConfigurationList = 644F16A81CA3C4D9002BB667 /* Build configuration list for PBXNativeTarget "MyLocations" */;
			buildPhases = (
				644F16921CA3C4D9002BB667 /* Sources */,
				644F16931CA3C4D9002BB667 /* Frameworks */,
				644F16941CA3C4D9002BB667 /* Resources */,
			);
			buildRules = (
			);
			dependencies = (
			);
			name = MyLocations;
			productName = MyLocations;
			productReference = 644F16961CA3C4D9002BB667 /* MyLocations.app */;
			productType = "com.apple.product-type.application";
		};
/* End PBXNativeTarget section */

/* Begin PBXProject section */
		644F168E1CA3C4D9002BB667 /* Project object */ = {
			isa = PBXProject;
			attributes = {
				LastSwiftUpdateCheck = 0710;
				LastUpgradeCheck = 0710;
				ORGANIZATIONNAME = AuroraInterplay;
				TargetAttributes = {
					644F16951CA3C4D9002BB667 = {
						CreatedOnToolsVersion = 7.1;
					};
				};
			};
			buildConfigurationList = 644F16911CA3C4D9002BB667 /* Build configuration list for PBXProject "MyLocations" */;
			compatibilityVersion = "Xcode 3.2";
			developmentRegion = English;
			hasScannedForEncodings = 0;
			knownRegions = (
				en,
				Base,
			);
			mainGroup = 644F168D1CA3C4D9002BB667;
			productRefGroup = 644F16971CA3C4D9002BB667 /* Products */;
			projectDirPath = "";
			projectRoot = "";
			targets = (
				644F16951CA3C4D9002BB667 /* MyLocations */,
			);
		};
/* End PBXProject section */

/* Begin PBXResourcesBuildPhase section */
		644F16941CA3C4D9002BB667 /* Resources */ = {
			isa = PBXResourcesBuildPhase;
			buildActionMask = 2147483647;
			files = (
				644F16A41CA3C4D9002BB667 /* LaunchScreen.storyboard in Resources */,
				644F16A11CA3C4D9002BB667 /* Assets.xcassets in Resources */,
				644F169F1CA3C4D9002BB667 /* Main.storyboard in Resources */,
			);
			runOnlyForDeploymentPostprocessing = 0;
		};
/* End PBXResourcesBuildPhase section */

/* Begin PBXSourcesBuildPhase section */
		644F16921CA3C4D9002BB667 /* Sources */ = {
			isa = PBXSourcesBuildPhase;
			buildActionMask = 2147483647;
			files = (
				64FEEB741CA95D97007EBE4C /* CategoryPickerViewController.swift in Sources */,
				64FEEB761CA98C1F007EBE4C /* HudView.swift in Sources */,
				64FEEB721CA91C5E007EBE4C /* LocationDetailsViewController.swift in Sources */,
				644F169C1CA3C4D9002BB667 /* CurrentLocationViewController.swift in Sources */,
				644F169A1CA3C4D9002BB667 /* AppDelegate.swift in Sources */,
				64E227B51CAA94240090E572 /* Functions.swift in Sources */,
			);
			runOnlyForDeploymentPostprocessing = 0;
		};
/* End PBXSourcesBuildPhase section */

/* Begin PBXVariantGroup section */
		644F169D1CA3C4D9002BB667 /* Main.storyboard */ = {
			isa = PBXVariantGroup;
			children = (
				644F169E1CA3C4D9002BB667 /* Base */,
			);
			name = Main.storyboard;
			sourceTree = "<group>";
		};
		644F16A21CA3C4D9002BB667 /* LaunchScreen.storyboard */ = {
			isa = PBXVariantGroup;
			children = (
				644F16A31CA3C4D9002BB667 /* Base */,
			);
			name = LaunchScreen.storyboard;
			sourceTree = "<group>";
		};
/* End PBXVariantGroup section */

/* Begin XCBuildConfiguration section */
		644F16A61CA3C4D9002BB667 /* Debug */ = {
			isa = XCBuildConfiguration;
			buildSettings = {
				ALWAYS_SEARCH_USER_PATHS = NO;
				CLANG_CXX_LANGUAGE_STANDARD = "gnu++0x";
				CLANG_CXX_LIBRARY = "libc++";
				CLANG_ENABLE_MODULES = YES;
				CLANG_ENABLE_OBJC_ARC = YES;
				CLANG_WARN_BOOL_CONVERSION = YES;
				CLANG_WARN_CONSTANT_CONVERSION = YES;
				CLANG_WARN_DIRECT_OBJC_ISA_USAGE = YES_ERROR;
				CLANG_WARN_EMPTY_BODY = YES;
				CLANG_WARN_ENUM_CONVERSION = YES;
				CLANG_WARN_INT_CONVERSION = YES;
				CLANG_WARN_OBJC_ROOT_CLASS = YES_ERROR;
				CLANG_WARN_UNREACHABLE_CODE = YES;
				CLANG_WARN__DUPLICATE_METHOD_MATCH = YES;
				"CODE_SIGN_IDENTITY[sdk=iphoneos*]" = "iPhone Developer";
				COPY_PHASE_STRIP = NO;
				DEBUG_INFORMATION_FORMAT = dwarf;
				ENABLE_STRICT_OBJC_MSGSEND = YES;
				ENABLE_TESTABILITY = YES;
				GCC_C_LANGUAGE_STANDARD = gnu99;
				GCC_DYNAMIC_NO_PIC = NO;
				GCC_NO_COMMON_BLOCKS = YES;
				GCC_OPTIMIZATION_LEVEL = 0;
				GCC_PREPROCESSOR_DEFINITIONS = (
					"DEBUG=1",
					"$(inherited)",
				);
				GCC_WARN_64_TO_32_BIT_CONVERSION = YES;
				GCC_WARN_ABOUT_RETURN_TYPE = YES_ERROR;
				GCC_WARN_UNDECLARED_SELECTOR = YES;
				GCC_WARN_UNINITIALIZED_AUTOS = YES_AGGRESSIVE;
				GCC_WARN_UNUSED_FUNCTION = YES;
				GCC_WARN_UNUSED_VARIABLE = YES;
				IPHONEOS_DEPLOYMENT_TARGET = 9.1;
				MTL_ENABLE_DEBUG_INFO = YES;
				ONLY_ACTIVE_ARCH = YES;
				SDKROOT = iphoneos;
				SWIFT_OPTIMIZATION_LEVEL = "-Onone";
			};
			name = Debug;
		};
		644F16A71CA3C4D9002BB667 /* Release */ = {
			isa = XCBuildConfiguration;
			buildSettings = {
				ALWAYS_SEARCH_USER_PATHS = NO;
				CLANG_CXX_LANGUAGE_STANDARD = "gnu++0x";
				CLANG_CXX_LIBRARY = "libc++";
				CLANG_ENABLE_MODULES = YES;
				CLANG_ENABLE_OBJC_ARC = YES;
				CLANG_WARN_BOOL_CONVERSION = YES;
				CLANG_WARN_CONSTANT_CONVERSION = YES;
				CLANG_WARN_DIRECT_OBJC_ISA_USAGE = YES_ERROR;
				CLANG_WARN_EMPTY_BODY = YES;
				CLANG_WARN_ENUM_CONVERSION = YES;
				CLANG_WARN_INT_CONVERSION = YES;
				CLANG_WARN_OBJC_ROOT_CLASS = YES_ERROR;
				CLANG_WARN_UNREACHABLE_CODE = YES;
				CLANG_WARN__DUPLICATE_METHOD_MATCH = YES;
				"CODE_SIGN_IDENTITY[sdk=iphoneos*]" = "iPhone Developer";
				COPY_PHASE_STRIP = NO;
				DEBUG_INFORMATION_FORMAT = "dwarf-with-dsym";
				ENABLE_NS_ASSERTIONS = NO;
				ENABLE_STRICT_OBJC_MSGSEND = YES;
				GCC_C_LANGUAGE_STANDARD = gnu99;
				GCC_NO_COMMON_BLOCKS = YES;
				GCC_WARN_64_TO_32_BIT_CONVERSION = YES;
				GCC_WARN_ABOUT_RETURN_TYPE = YES_ERROR;
				GCC_WARN_UNDECLARED_SELECTOR = YES;
				GCC_WARN_UNINITIALIZED_AUTOS = YES_AGGRESSIVE;
				GCC_WARN_UNUSED_FUNCTION = YES;
				GCC_WARN_UNUSED_VARIABLE = YES;
				IPHONEOS_DEPLOYMENT_TARGET = 9.1;
				MTL_ENABLE_DEBUG_INFO = NO;
				SDKROOT = iphoneos;
				VALIDATE_PRODUCT = YES;
			};
			name = Release;
		};
		644F16A91CA3C4D9002BB667 /* Debug */ = {
			isa = XCBuildConfiguration;
			buildSettings = {
				ASSETCATALOG_COMPILER_APPICON_NAME = AppIcon;
				INFOPLIST_FILE = MyLocations/Info.plist;
				LD_RUNPATH_SEARCH_PATHS = "$(inherited) @executable_path/Frameworks";
				PRODUCT_BUNDLE_IDENTIFIER = AM.MyLocations;
				PRODUCT_NAME = "$(TARGET_NAME)";
			};
			name = Debug;
		};
		644F16AA1CA3C4D9002BB667 /* Release */ = {
			isa = XCBuildConfiguration;
			buildSettings = {
				ASSETCATALOG_COMPILER_APPICON_NAME = AppIcon;
				INFOPLIST_FILE = MyLocations/Info.plist;
				LD_RUNPATH_SEARCH_PATHS = "$(inherited) @executable_path/Frameworks";
				PRODUCT_BUNDLE_IDENTIFIER = AM.MyLocations;
				PRODUCT_NAME = "$(TARGET_NAME)";
			};
			name = Release;
		};
/* End XCBuildConfiguration section */

/* Begin XCConfigurationList section */
		644F16911CA3C4D9002BB667 /* Build configuration list for PBXProject "MyLocations" */ = {
			isa = XCConfigurationList;
			buildConfigurations = (
				644F16A61CA3C4D9002BB667 /* Debug */,
				644F16A71CA3C4D9002BB667 /* Release */,
			);
			defaultConfigurationIsVisible = 0;
			defaultConfigurationName = Release;
		};
		644F16A81CA3C4D9002BB667 /* Build configuration list for PBXNativeTarget "MyLocations" */ = {
			isa = XCConfigurationList;
			buildConfigurations = (
				644F16A91CA3C4D9002BB667 /* Debug */,
				644F16AA1CA3C4D9002BB667 /* Release */,
			);
			defaultConfigurationIsVisible = 0;
			defaultConfigurationName = Release;
		};
/* End XCConfigurationList section */
	};
	rootObject = 644F168E1CA3C4D9002BB667 /* Project object */;
}
